
Microsoft Visual Studio Solution File, Format Version 12.00
# Visual Studio Version 17
VisualStudioVersion = 17.5.33530.505
MinimumVisualStudioVersion = 10.0.40219.1
Project("{FAE04EC0-301F-11D3-BF4B-00C04F79EFBC}") = "3D_programming", "3dasd\3D_programming.csproj", "{D6C4507D-A3D0-47F5-B202-A71C1F411E26}"
EndProject
Global
	GlobalSection(SolutionConfigurationPlatforms) = preSolution
		Debug|Any CPU = Debug|Any CPU
		Release|Any CPU = Release|Any CPU
	EndGlobalSection
	GlobalSection(ProjectConfigurationPlatforms) = postSolution
		{D6C4507D-A3D0-47F5-B202-A71C1F411E26}.Debug|Any CPU.ActiveCfg = Debug|Any CPU
		{D6C4507D-A3D0-47F5-B202-A71C1F411E26}.Debug|Any CPU.Build.0 = Debug|Any CPU
		{D6C4507D-A3D0-47F5-B202-A71C1F411E26}.Release|Any CPU.ActiveCfg = Release|Any CPU
		{D6C4507D-A3D0-47F5-B202-A71C1F411E26}.Release|Any CPU.Build.0 = Release|Any CPU
	EndGlobalSection
	GlobalSection(SolutionProperties) = preSolution
		HideSolutionNode = FALSE
	EndGlobalSection
	GlobalSection(ExtensibilityGlobals) = postSolution
		SolutionGuid = {2D098867-D146-49AD-98B4-072F0E7B52CE}
	EndGlobalSection
EndGlobal
